{
    "version": 3,
    "terraform_version": "0.11.11",
    "serial": 11,
    "lineage": "8d8ac89c-7eca-3014-3275-da4ec0f55b23",
    "modules": [
        {
            "path": [
                "root"
            ],
            "outputs": {},
            "resources": {
                "aws_iam_group.developer": {
                    "type": "aws_iam_group",
                    "depends_on": [],
                    "primary": {
                        "id": "developer",
                        "attributes": {
                            "arn": "arn:aws:iam::106374666991:group/developer",
                            "id": "developer",
                            "name": "developer",
                            "path": "/",
                            "unique_id": "AGPAJ52UVNR5A3IV4CQ5A"
                        },
                        "meta": {},
                        "tainted": false
                    },
                    "deposed": [],
                    "provider": "provider.aws"
                },
                "aws_iam_user.sabil": {
                    "type": "aws_iam_user",
                    "depends_on": [],
                    "primary": {
                        "id": "sabil",
                        "attributes": {
                            "arn": "arn:aws:iam::106374666991:user/sabil",
                            "force_destroy": "false",
                            "id": "sabil",
                            "name": "sabil",
                            "path": "/",
                            "tags.%": "0",
                            "unique_id": "AIDAJL3CYRCWQNFWH6SV2"
                        },
                        "meta": {},
                        "tainted": false
                    },
                    "deposed": [],
                    "provider": "provider.aws"
                },
                "aws_instance.example": {
                    "type": "aws_instance",
                    "depends_on": [],
                    "primary": {
                        "id": "i-04350f5189464a74c",
                        "attributes": {
                            "ami": "ami-02a39bdb8e8ee056a",
                            "arn": "arn:aws:ec2:eu-west-1:106374666991:instance/i-04350f5189464a74c",
                            "associate_public_ip_address": "true",
                            "availability_zone": "eu-west-1c",
                            "cpu_core_count": "1",
                            "cpu_threads_per_core": "1",
                            "credit_specification.#": "1",
                            "credit_specification.0.cpu_credits": "standard",
                            "disable_api_termination": "false",
                            "ebs_block_device.#": "0",
                            "ebs_optimized": "false",
                            "ephemeral_block_device.#": "0",
                            "get_password_data": "false",
                            "iam_instance_profile": "",
                            "id": "i-04350f5189464a74c",
                            "instance_state": "running",
                            "instance_type": "t2.micro",
                            "ipv6_addresses.#": "0",
                            "key_name": "test_key",
                            "monitoring": "false",
                            "network_interface.#": "0",
                            "password_data": "",
                            "placement_group": "",
                            "primary_network_interface_id": "eni-0cf476f2b3e59c3ce",
                            "private_dns": "ip-172-31-28-107.eu-west-1.compute.internal",
                            "private_ip": "172.31.28.107",
                            "public_dns": "ec2-34-249-83-8.eu-west-1.compute.amazonaws.com",
                            "public_ip": "34.249.83.8",
                            "root_block_device.#": "1",
                            "root_block_device.0.delete_on_termination": "true",
                            "root_block_device.0.iops": "100",
                            "root_block_device.0.volume_id": "vol-06f2cb9892828e2c0",
                            "root_block_device.0.volume_size": "8",
                            "root_block_device.0.volume_type": "gp2",
                            "security_groups.#": "1",
                            "security_groups.3814588639": "default",
                            "source_dest_check": "true",
                            "subnet_id": "subnet-c0c8bd88",
                            "tags.%": "0",
                            "tenancy": "default",
                            "volume_tags.%": "0",
                            "vpc_security_group_ids.#": "1",
                            "vpc_security_group_ids.1956568572": "sg-98c110e9"
                        },
                        "meta": {
                            "e2bfb730-ecaa-11e6-8f88-34363bc7c4c0": {
                                "create": 600000000000,
                                "delete": 1200000000000,
                                "update": 600000000000
                            },
                            "schema_version": "1"
                        },
                        "tainted": false
                    },
                    "deposed": [],
                    "provider": "provider.aws"
                },
                "null_resource.userdata": {
                    "type": "null_resource",
                    "depends_on": [
                        "aws_instance.example.*"
                    ],
                    "primary": {
                        "id": "762797524902452946",
                        "attributes": {
                            "id": "762797524902452946"
                        },
                        "meta": {},
                        "tainted": false
                    },
                    "deposed": [],
                    "provider": "provider.null"
                }
            },
            "depends_on": []
        }
    ]
}
